<?xml version="1.0" encoding="utf-8"?>
<Project ToolsVersion="16.0" xmlns="http://schemas.microsoft.com/developer/msbuild/2003">
  <ItemGroup>
    <ClCompile Include="C:\clReflect\src\clReflectCore\Database.cpp">
      <Filter>Source Files</Filter>
    </ClCompile>
    <ClCompile Include="C:\clReflect\src\clReflectCore\DatabaseBinarySerialiser.cpp">
      <Filter>Source Files</Filter>
    </ClCompile>
    <ClCompile Include="C:\clReflect\src\clReflectCore\DatabaseMetadata.cpp">
      <Filter>Source Files</Filter>
    </ClCompile>
    <ClCompile Include="C:\clReflect\src\clReflectCore\DatabaseTextSerialiser.cpp">
      <Filter>Source Files</Filter>
    </ClCompile>
    <ClCompile Include="C:\clReflect\src\clReflectCore\FileUtils.cpp">
      <Filter>Source Files</Filter>
    </ClCompile>
    <ClCompile Include="C:\clReflect\src\clReflectCore\Logging.cpp">
      <Filter>Source Files</Filter>
    </ClCompile>
  </ItemGroup>
  <ItemGroup>
    <ClInclude Include="C:\clReflect\src\clReflectCore\Arguments.h">
      <Filter>Header Files</Filter>
    </ClInclude>
    <ClInclude Include="C:\clReflect\src\clReflectCore\Array.h">
      <Filter>Header Files</Filter>
    </ClInclude>
    <ClInclude Include="C:\clReflect\src\clReflectCore\Database.h">
      <Filter>Header Files</Filter>
    </ClInclude>
    <ClInclude Include="C:\clReflect\src\clReflectCore\DatabaseBinarySerialiser.h">
      <Filter>Header Files</Filter>
    </ClInclude>
    <ClInclude Include="C:\clReflect\src\clReflectCore\DatabaseMetadata.h">
      <Filter>Header Files</Filter>
    </ClInclude>
    <ClInclude Include="C:\clReflect\src\clReflectCore\DatabaseTextSerialiser.h">
      <Filter>Header Files</Filter>
    </ClInclude>
    <ClInclude Include="C:\clReflect\src\clReflectCore\FileUtils.h">
      <Filter>Header Files</Filter>
    </ClInclude>
    <ClInclude Include="C:\clReflect\src\clReflectCore\Logging.h">
      <Filter>Header Files</Filter>
    </ClInclude>
  </ItemGroup>
  <ItemGroup>
    <CustomBuild Include="C:\clReflect\src\clReflectCore\CMakeLists.txt" />
  </ItemGroup>
  <ItemGroup>
    <Filter Include="Header Files">
      <UniqueIdentifier>{D447380D-592F-386F-B60A-CB1D253B7F6F}</UniqueIdentifier>
    </Filter>
    <Filter Include="Source Files">
      <UniqueIdentifier>{2CF35EFA-95E5-3407-81D0-25A485939F97}</UniqueIdentifier>
    </Filter>
  </ItemGroup>
</Project>
