<?xml version="1.0" encoding="utf-8"?>
<Project ToolsVersion="16.0" xmlns="http://schemas.microsoft.com/developer/msbuild/2003">
  <ItemGroup>
    <ClCompile Include="C:\clReflect\src\clReflectScan\ASTConsumer.cpp">
      <Filter>Source Files</Filter>
    </ClCompile>
    <ClCompile Include="C:\clReflect\src\clReflectScan\AttributeParser.cpp">
      <Filter>Source Files</Filter>
    </ClCompile>
    <ClCompile Include="C:\clReflect\src\clReflectScan\Main.cpp">
      <Filter>Source Files</Filter>
    </ClCompile>
    <ClCompile Include="C:\clReflect\src\clReflectScan\ReflectionSpecs.cpp">
      <Filter>Source Files</Filter>
    </ClCompile>
    <ClCompile Include="..\..\..\src\clReflectScan\UtilityHeaderGen.cpp">
      <Filter>Source Files</Filter>
    </ClCompile>
  </ItemGroup>
  <ItemGroup>
    <ClInclude Include="C:\clReflect\src\clReflectScan\ASTConsumer.h">
      <Filter>Header Files</Filter>
    </ClInclude>
    <ClInclude Include="C:\clReflect\src\clReflectScan\AttributeParser.h">
      <Filter>Header Files</Filter>
    </ClInclude>
    <ClInclude Include="C:\clReflect\src\clReflectScan\ReflectionSpecs.h">
      <Filter>Header Files</Filter>
    </ClInclude>
    <ClInclude Include="..\..\..\src\clReflectScan\UtilityHeaderGen.h">
      <Filter>Header Files</Filter>
    </ClInclude>
  </ItemGroup>
  <ItemGroup>
    <CustomBuild Include="C:\clReflect\src\clReflectScan\CMakeLists.txt" />
  </ItemGroup>
  <ItemGroup>
    <Filter Include="Header Files">
      <UniqueIdentifier>{9F2B1495-0B82-3E2B-9F58-A13B1BF1756F}</UniqueIdentifier>
    </Filter>
    <Filter Include="Source Files">
      <UniqueIdentifier>{277B62EA-EE7F-36E2-A97F-0EC0BD150A5C}</UniqueIdentifier>
    </Filter>
  </ItemGroup>
</Project>