<?xml version="1.0" encoding="utf-8"?>
<Project ToolsVersion="16.0" xmlns="http://schemas.microsoft.com/developer/msbuild/2003">
  <ItemGroup>
    <ClCompile Include="C:\clReflect\src\clReflectUtil\FieldVisitor.cpp">
      <Filter>Source Files</Filter>
    </ClCompile>
    <ClCompile Include="C:\clReflect\src\clReflectUtil\JSONLexer.cpp">
      <Filter>Source Files</Filter>
    </ClCompile>
    <ClCompile Include="C:\clReflect\src\clReflectUtil\Module.cpp">
      <Filter>Source Files</Filter>
    </ClCompile>
    <ClCompile Include="C:\clReflect\src\clReflectUtil\Objects.cpp">
      <Filter>Source Files</Filter>
    </ClCompile>
    <ClCompile Include="C:\clReflect\src\clReflectUtil\Serialise.cpp">
      <Filter>Source Files</Filter>
    </ClCompile>
    <ClCompile Include="C:\clReflect\src\clReflectUtil\SerialiseFunction.cpp">
      <Filter>Source Files</Filter>
    </ClCompile>
    <ClCompile Include="C:\clReflect\src\clReflectUtil\SerialiseJSON.cpp">
      <Filter>Source Files</Filter>
    </ClCompile>
    <ClCompile Include="C:\clReflect\src\clReflectUtil\SerialiseVersionedBinary.cpp">
      <Filter>Source Files</Filter>
    </ClCompile>
  </ItemGroup>
  <ItemGroup>
    <CustomBuild Include="C:\clReflect\src\clReflectUtil\CMakeLists.txt" />
  </ItemGroup>
  <ItemGroup>
    <Filter Include="Source Files">
      <UniqueIdentifier>{2CF35EFA-95E5-3407-81D0-25A485939F97}</UniqueIdentifier>
    </Filter>
  </ItemGroup>
</Project>
